<?xml version="1.0" encoding="utf-8"?>
<Project ToolsVersion="4.0" xmlns="http://schemas.microsoft.com/developer/msbuild/2003">
  <ItemGroup>
    <Filter Include="Source Files">
      <UniqueIdentifier>{4FC737F1-C7A5-4376-A066-2A32D752A2FF}</UniqueIdentifier>
      <Extensions>cpp;c;cc;cxx;def;odl;idl;hpj;bat;asm;asmx</Extensions>
    </Filter>
    <Filter Include="Header Files">
      <UniqueIdentifier>{93995380-89BD-4b04-88EB-625FBE52EBFB}</UniqueIdentifier>
      <Extensions>h;hh;hpp;hxx;hm;inl;inc;ipp;xsd</Extensions>
    </Filter>
    <Filter Include="Resource Files">
      <UniqueIdentifier>{67DA6AB6-F800-4c08-8B7A-83BB121AAD01}</UniqueIdentifier>
      <Extensions>rc;ico;cur;bmp;dlg;rc2;rct;bin;rgs;gif;jpg;jpeg;jpe;resx;tiff;tif;png;wav;mfcribbon-ms</Extensions>
    </Filter>
  </ItemGroup>
  <ItemGroup>
    <ClCompile Include="..\..\..\..\Projeto Larry%27s Challenge\Larry%27s Challenge Editor de Fases C++\Editor_de_Fases\Editor_de_Fases\main.cpp">
      <Filter>Source Files</Filter>
    </ClCompile>
    <ClCompile Include="..\..\..\..\Projeto Larry%27s Challenge\Larry%27s Challenge Editor de Fases C++\Editor_de_Fases\Editor_de_Fases\LarrysChallenge.cpp">
      <Filter>Source Files</Filter>
    </ClCompile>
    <ClCompile Include="..\..\..\..\Projeto Larry%27s Challenge\Larry%27s Challenge Editor de Fases C++\Editor_de_Fases\Editor_de_Fases\GerenciadorFase.cpp">
      <Filter>Source Files</Filter>
    </ClCompile>
    <ClCompile Include="..\..\..\..\Projeto Larry%27s Challenge\Larry%27s Challenge Editor de Fases C++\Editor_de_Fases\Editor_de_Fases\Entidade.cpp">
      <Filter>Source Files</Filter>
    </ClCompile>
    <ClCompile Include="..\..\..\..\Projeto Larry%27s Challenge\Larry%27s Challenge Editor de Fases C++\Editor_de_Fases\Editor_de_Fases\ListaEntidades.cpp">
      <Filter>Source Files</Filter>
    </ClCompile>
    <ClCompile Include="..\..\..\..\Projeto Larry%27s Challenge\Larry%27s Challenge Editor de Fases C++\Editor_de_Fases\Editor_de_Fases\GerenciadorEntidades.cpp">
      <Filter>Source Files</Filter>
    </ClCompile>
    <ClCompile Include="..\..\..\..\Projeto Larry%27s Challenge\Larry%27s Challenge Editor de Fases C++\Editor_de_Fases\Editor_de_Fases\Menu.cpp">
      <Filter>Source Files</Filter>
    </ClCompile>
    <ClCompile Include="GerenciadorPersistencia.cpp">
      <Filter>Source Files</Filter>
    </ClCompile>
    <ClCompile Include="Botao.cpp">
      <Filter>Source Files</Filter>
    </ClCompile>
  </ItemGroup>
  <ItemGroup>
    <ClInclude Include="..\..\..\..\Projeto Larry%27s Challenge\Larry%27s Challenge Editor de Fases C++\Editor_de_Fases\Editor_de_Fases\LarrysChallenge.h">
      <Filter>Header Files</Filter>
    </ClInclude>
    <ClInclude Include="..\..\..\..\Projeto Larry%27s Challenge\Larry%27s Challenge Editor de Fases C++\Editor_de_Fases\Editor_de_Fases\bibliotecas.h">
      <Filter>Header Files</Filter>
    </ClInclude>
    <ClInclude Include="..\..\..\..\Projeto Larry%27s Challenge\Larry%27s Challenge Editor de Fases C++\Editor_de_Fases\Editor_de_Fases\GerenciadorFase.h">
      <Filter>Header Files</Filter>
    </ClInclude>
    <ClInclude Include="..\..\..\..\Projeto Larry%27s Challenge\Larry%27s Challenge Editor de Fases C++\Editor_de_Fases\Editor_de_Fases\Entidade.h">
      <Filter>Header Files</Filter>
    </ClInclude>
    <ClInclude Include="..\..\..\..\Projeto Larry%27s Challenge\Larry%27s Challenge Editor de Fases C++\Editor_de_Fases\Editor_de_Fases\ListaEntidades.h">
      <Filter>Header Files</Filter>
    </ClInclude>
    <ClInclude Include="..\..\..\..\Projeto Larry%27s Challenge\Larry%27s Challenge Editor de Fases C++\Editor_de_Fases\Editor_de_Fases\GerenciadorEntidades.h">
      <Filter>Header Files</Filter>
    </ClInclude>
    <ClInclude Include="..\..\..\..\Projeto Larry%27s Challenge\Larry%27s Challenge Editor de Fases C++\Editor_de_Fases\Editor_de_Fases\GerenciadorPersistencia.h">
      <Filter>Header Files</Filter>
    </ClInclude>
    <ClInclude Include="..\..\..\..\Projeto Larry%27s Challenge\Larry%27s Challenge Editor de Fases C++\Editor_de_Fases\Editor_de_Fases\Menu.h">
      <Filter>Header Files</Filter>
    </ClInclude>
    <ClInclude Include="Botao.h">
      <Filter>Header Files</Filter>
    </ClInclude>
  </ItemGroup>
</Project>